
Microsoft Visual Studio Solution File, Format Version 12.00
# Visual Studio Version 17
VisualStudioVersion = 17.0.32112.339
MinimumVisualStudioVersion = 10.0.40219.1
Project("{FAE04EC0-301F-11D3-BF4B-00C04F79EFBC}") = "Perfil.Android", "Perfil.Android\Perfil.Android.csproj", "{1E97FF43-6862-431D-8283-D4B4150C3E95}"
EndProject
Project("{FAE04EC0-301F-11D3-BF4B-00C04F79EFBC}") = "Perfil.iOS", "Perfil.iOS\Perfil.iOS.csproj", "{9DA24A88-356B-4F32-A6E0-ED4198C7767B}"
EndProject
Project("{FAE04EC0-301F-11D3-BF4B-00C04F79EFBC}") = "Perfil", "Perfil\Perfil.csproj", "{6FBC158A-819D-4279-AF7F-1C3664C266BD}"
EndProject
Global
	GlobalSection(SolutionConfigurationPlatforms) = preSolution
		Debug|Any CPU = Debug|Any CPU
		Debug|iPhone = Debug|iPhone
		Debug|iPhoneSimulator = Debug|iPhoneSimulator
		Release|Any CPU = Release|Any CPU
		Release|iPhone = Release|iPhone
		Release|iPhoneSimulator = Release|iPhoneSimulator
	EndGlobalSection
	GlobalSection(ProjectConfigurationPlatforms) = postSolution
		{1E97FF43-6862-431D-8283-D4B4150C3E95}.Debug|Any CPU.ActiveCfg = Debug|Any CPU
		{1E97FF43-6862-431D-8283-D4B4150C3E95}.Debug|Any CPU.Build.0 = Debug|Any CPU
		{1E97FF43-6862-431D-8283-D4B4150C3E95}.Debug|Any CPU.Deploy.0 = Debug|Any CPU
		{1E97FF43-6862-431D-8283-D4B4150C3E95}.Debug|iPhone.ActiveCfg = Debug|Any CPU
		{1E97FF43-6862-431D-8283-D4B4150C3E95}.Debug|iPhone.Build.0 = Debug|Any CPU
		{1E97FF43-6862-431D-8283-D4B4150C3E95}.Debug|iPhone.Deploy.0 = Debug|Any CPU
		{1E97FF43-6862-431D-8283-D4B4150C3E95}.Debug|iPhoneSimulator.ActiveCfg = Debug|Any CPU
		{1E97FF43-6862-431D-8283-D4B4150C3E95}.Debug|iPhoneSimulator.Build.0 = Debug|Any CPU
		{1E97FF43-6862-431D-8283-D4B4150C3E95}.Debug|iPhoneSimulator.Deploy.0 = Debug|Any CPU
		{1E97FF43-6862-431D-8283-D4B4150C3E95}.Release|Any CPU.ActiveCfg = Release|Any CPU
		{1E97FF43-6862-431D-8283-D4B4150C3E95}.Release|Any CPU.Build.0 = Release|Any CPU
		{1E97FF43-6862-431D-8283-D4B4150C3E95}.Release|Any CPU.Deploy.0 = Release|Any CPU
		{1E97FF43-6862-431D-8283-D4B4150C3E95}.Release|iPhone.ActiveCfg = Release|Any CPU
		{1E97FF43-6862-431D-8283-D4B4150C3E95}.Release|iPhone.Build.0 = Release|Any CPU
		{1E97FF43-6862-431D-8283-D4B4150C3E95}.Release|iPhone.Deploy.0 = Release|Any CPU
		{1E97FF43-6862-431D-8283-D4B4150C3E95}.Release|iPhoneSimulator.ActiveCfg = Release|Any CPU
		{1E97FF43-6862-431D-8283-D4B4150C3E95}.Release|iPhoneSimulator.Build.0 = Release|Any CPU
		{1E97FF43-6862-431D-8283-D4B4150C3E95}.Release|iPhoneSimulator.Deploy.0 = Release|Any CPU
		{9DA24A88-356B-4F32-A6E0-ED4198C7767B}.Debug|Any CPU.ActiveCfg = Debug|iPhone
		{9DA24A88-356B-4F32-A6E0-ED4198C7767B}.Debug|Any CPU.Build.0 = Debug|iPhone
		{9DA24A88-356B-4F32-A6E0-ED4198C7767B}.Debug|Any CPU.Deploy.0 = Debug|iPhone
		{9DA24A88-356B-4F32-A6E0-ED4198C7767B}.Debug|iPhone.ActiveCfg = Debug|iPhone
		{9DA24A88-356B-4F32-A6E0-ED4198C7767B}.Debug|iPhone.Build.0 = Debug|iPhone
		{9DA24A88-356B-4F32-A6E0-ED4198C7767B}.Debug|iPhone.Deploy.0 = Debug|iPhone
		{9DA24A88-356B-4F32-A6E0-ED4198C7767B}.Debug|iPhoneSimulator.ActiveCfg = Debug|iPhoneSimulator
		{9DA24A88-356B-4F32-A6E0-ED4198C7767B}.Debug|iPhoneSimulator.Build.0 = Debug|iPhoneSimulator
		{9DA24A88-356B-4F32-A6E0-ED4198C7767B}.Debug|iPhoneSimulator.Deploy.0 = Debug|iPhoneSimulator
		{9DA24A88-356B-4F32-A6E0-ED4198C7767B}.Release|Any CPU.ActiveCfg = Release|iPhoneSimulator
		{9DA24A88-356B-4F32-A6E0-ED4198C7767B}.Release|Any CPU.Build.0 = Release|iPhoneSimulator
		{9DA24A88-356B-4F32-A6E0-ED4198C7767B}.Release|Any CPU.Deploy.0 = Release|iPhoneSimulator
		{9DA24A88-356B-4F32-A6E0-ED4198C7767B}.Release|iPhone.ActiveCfg = Release|iPhone
		{9DA24A88-356B-4F32-A6E0-ED4198C7767B}.Release|iPhone.Build.0 = Release|iPhone
		{9DA24A88-356B-4F32-A6E0-ED4198C7767B}.Release|iPhone.Deploy.0 = Release|iPhone
		{9DA24A88-356B-4F32-A6E0-ED4198C7767B}.Release|iPhoneSimulator.ActiveCfg = Release|iPhoneSimulator
		{9DA24A88-356B-4F32-A6E0-ED4198C7767B}.Release|iPhoneSimulator.Build.0 = Release|iPhoneSimulator
		{9DA24A88-356B-4F32-A6E0-ED4198C7767B}.Release|iPhoneSimulator.Deploy.0 = Release|iPhoneSimulator
		{6FBC158A-819D-4279-AF7F-1C3664C266BD}.Debug|Any CPU.ActiveCfg = Debug|Any CPU
		{6FBC158A-819D-4279-AF7F-1C3664C266BD}.Debug|Any CPU.Build.0 = Debug|Any CPU
		{6FBC158A-819D-4279-AF7F-1C3664C266BD}.Debug|Any CPU.Deploy.0 = Debug|Any CPU
		{6FBC158A-819D-4279-AF7F-1C3664C266BD}.Debug|iPhone.ActiveCfg = Debug|Any CPU
		{6FBC158A-819D-4279-AF7F-1C3664C266BD}.Debug|iPhone.Build.0 = Debug|Any CPU
		{6FBC158A-819D-4279-AF7F-1C3664C266BD}.Debug|iPhone.Deploy.0 = Debug|Any CPU
		{6FBC158A-819D-4279-AF7F-1C3664C266BD}.Debug|iPhoneSimulator.ActiveCfg = Debug|Any CPU
		{6FBC158A-819D-4279-AF7F-1C3664C266BD}.Debug|iPhoneSimulator.Build.0 = Debug|Any CPU
		{6FBC158A-819D-4279-AF7F-1C3664C266BD}.Debug|iPhoneSimulator.Deploy.0 = Debug|Any CPU
		{6FBC158A-819D-4279-AF7F-1C3664C266BD}.Release|Any CPU.ActiveCfg = Release|Any CPU
		{6FBC158A-819D-4279-AF7F-1C3664C266BD}.Release|Any CPU.Build.0 = Release|Any CPU
		{6FBC158A-819D-4279-AF7F-1C3664C266BD}.Release|Any CPU.Deploy.0 = Release|Any CPU
		{6FBC158A-819D-4279-AF7F-1C3664C266BD}.Release|iPhone.ActiveCfg = Release|Any CPU
		{6FBC158A-819D-4279-AF7F-1C3664C266BD}.Release|iPhone.Build.0 = Release|Any CPU
		{6FBC158A-819D-4279-AF7F-1C3664C266BD}.Release|iPhone.Deploy.0 = Release|Any CPU
		{6FBC158A-819D-4279-AF7F-1C3664C266BD}.Release|iPhoneSimulator.ActiveCfg = Release|Any CPU
		{6FBC158A-819D-4279-AF7F-1C3664C266BD}.Release|iPhoneSimulator.Build.0 = Release|Any CPU
		{6FBC158A-819D-4279-AF7F-1C3664C266BD}.Release|iPhoneSimulator.Deploy.0 = Release|Any CPU
	EndGlobalSection
	GlobalSection(SolutionProperties) = preSolution
		HideSolutionNode = FALSE
	EndGlobalSection
	GlobalSection(ExtensibilityGlobals) = postSolution
		SolutionGuid = {5B7D9F00-6B83-48CA-A680-815A11728C34}
	EndGlobalSection
EndGlobal
