
Microsoft Visual Studio Solution File, Format Version 12.00
# Visual Studio Version 16
VisualStudioVersion = 16.0.31025.194
MinimumVisualStudioVersion = 10.0.40219.1
Project("{FAE04EC0-301F-11D3-BF4B-00C04F79EFBC}") = "Examen", "Examen.csproj", "{0C5884D5-C43F-4303-85B6-BE2147EAFBA1}"
EndProject
Global
	GlobalSection(SolutionConfigurationPlatforms) = preSolution
		Debug|Any CPU = Debug|Any CPU
		Release|Any CPU = Release|Any CPU
	EndGlobalSection
	GlobalSection(ProjectConfigurationPlatforms) = postSolution
		{0C5884D5-C43F-4303-85B6-BE2147EAFBA1}.Debug|Any CPU.ActiveCfg = Debug|Any CPU
		{0C5884D5-C43F-4303-85B6-BE2147EAFBA1}.Debug|Any CPU.Build.0 = Debug|Any CPU
		{0C5884D5-C43F-4303-85B6-BE2147EAFBA1}.Release|Any CPU.ActiveCfg = Release|Any CPU
		{0C5884D5-C43F-4303-85B6-BE2147EAFBA1}.Release|Any CPU.Build.0 = Release|Any CPU
	EndGlobalSection
	GlobalSection(SolutionProperties) = preSolution
		HideSolutionNode = FALSE
	EndGlobalSection
	GlobalSection(ExtensibilityGlobals) = postSolution
		SolutionGuid = {B5462E62-6B03-4122-A5F8-36ECB3713289}
	EndGlobalSection
EndGlobal
