
Microsoft Visual Studio Solution File, Format Version 12.00
# Visual Studio Version 17
VisualStudioVersion = 17.1.32328.378
MinimumVisualStudioVersion = 10.0.40219.1
Project("{FAE04EC0-301F-11D3-BF4B-00C04F79EFBC}") = "carrusel.Android", "carrusel.Android\carrusel.Android.csproj", "{5A27BCF4-E906-4DA3-BB68-A22004EC466A}"
EndProject
Project("{FAE04EC0-301F-11D3-BF4B-00C04F79EFBC}") = "carrusel.iOS", "carrusel.iOS\carrusel.iOS.csproj", "{265856CE-A9C4-490D-9655-37B364242241}"
EndProject
Project("{FAE04EC0-301F-11D3-BF4B-00C04F79EFBC}") = "carrusel", "carrusel\carrusel.csproj", "{C1960ECE-8B04-4E26-9108-3BBE0A02D613}"
EndProject
Global
	GlobalSection(SolutionConfigurationPlatforms) = preSolution
		Debug|Any CPU = Debug|Any CPU
		Debug|iPhone = Debug|iPhone
		Debug|iPhoneSimulator = Debug|iPhoneSimulator
		Release|Any CPU = Release|Any CPU
		Release|iPhone = Release|iPhone
		Release|iPhoneSimulator = Release|iPhoneSimulator
	EndGlobalSection
	GlobalSection(ProjectConfigurationPlatforms) = postSolution
		{5A27BCF4-E906-4DA3-BB68-A22004EC466A}.Debug|Any CPU.ActiveCfg = Debug|Any CPU
		{5A27BCF4-E906-4DA3-BB68-A22004EC466A}.Debug|Any CPU.Build.0 = Debug|Any CPU
		{5A27BCF4-E906-4DA3-BB68-A22004EC466A}.Debug|Any CPU.Deploy.0 = Debug|Any CPU
		{5A27BCF4-E906-4DA3-BB68-A22004EC466A}.Debug|iPhone.ActiveCfg = Debug|Any CPU
		{5A27BCF4-E906-4DA3-BB68-A22004EC466A}.Debug|iPhone.Build.0 = Debug|Any CPU
		{5A27BCF4-E906-4DA3-BB68-A22004EC466A}.Debug|iPhone.Deploy.0 = Debug|Any CPU
		{5A27BCF4-E906-4DA3-BB68-A22004EC466A}.Debug|iPhoneSimulator.ActiveCfg = Debug|Any CPU
		{5A27BCF4-E906-4DA3-BB68-A22004EC466A}.Debug|iPhoneSimulator.Build.0 = Debug|Any CPU
		{5A27BCF4-E906-4DA3-BB68-A22004EC466A}.Debug|iPhoneSimulator.Deploy.0 = Debug|Any CPU
		{5A27BCF4-E906-4DA3-BB68-A22004EC466A}.Release|Any CPU.ActiveCfg = Release|Any CPU
		{5A27BCF4-E906-4DA3-BB68-A22004EC466A}.Release|Any CPU.Build.0 = Release|Any CPU
		{5A27BCF4-E906-4DA3-BB68-A22004EC466A}.Release|Any CPU.Deploy.0 = Release|Any CPU
		{5A27BCF4-E906-4DA3-BB68-A22004EC466A}.Release|iPhone.ActiveCfg = Release|Any CPU
		{5A27BCF4-E906-4DA3-BB68-A22004EC466A}.Release|iPhone.Build.0 = Release|Any CPU
		{5A27BCF4-E906-4DA3-BB68-A22004EC466A}.Release|iPhone.Deploy.0 = Release|Any CPU
		{5A27BCF4-E906-4DA3-BB68-A22004EC466A}.Release|iPhoneSimulator.ActiveCfg = Release|Any CPU
		{5A27BCF4-E906-4DA3-BB68-A22004EC466A}.Release|iPhoneSimulator.Build.0 = Release|Any CPU
		{5A27BCF4-E906-4DA3-BB68-A22004EC466A}.Release|iPhoneSimulator.Deploy.0 = Release|Any CPU
		{265856CE-A9C4-490D-9655-37B364242241}.Debug|Any CPU.ActiveCfg = Debug|iPhone
		{265856CE-A9C4-490D-9655-37B364242241}.Debug|Any CPU.Build.0 = Debug|iPhone
		{265856CE-A9C4-490D-9655-37B364242241}.Debug|Any CPU.Deploy.0 = Debug|iPhone
		{265856CE-A9C4-490D-9655-37B364242241}.Debug|iPhone.ActiveCfg = Debug|iPhone
		{265856CE-A9C4-490D-9655-37B364242241}.Debug|iPhone.Build.0 = Debug|iPhone
		{265856CE-A9C4-490D-9655-37B364242241}.Debug|iPhone.Deploy.0 = Debug|iPhone
		{265856CE-A9C4-490D-9655-37B364242241}.Debug|iPhoneSimulator.ActiveCfg = Debug|iPhoneSimulator
		{265856CE-A9C4-490D-9655-37B364242241}.Debug|iPhoneSimulator.Build.0 = Debug|iPhoneSimulator
		{265856CE-A9C4-490D-9655-37B364242241}.Debug|iPhoneSimulator.Deploy.0 = Debug|iPhoneSimulator
		{265856CE-A9C4-490D-9655-37B364242241}.Release|Any CPU.ActiveCfg = Release|iPhoneSimulator
		{265856CE-A9C4-490D-9655-37B364242241}.Release|Any CPU.Build.0 = Release|iPhoneSimulator
		{265856CE-A9C4-490D-9655-37B364242241}.Release|Any CPU.Deploy.0 = Release|iPhoneSimulator
		{265856CE-A9C4-490D-9655-37B364242241}.Release|iPhone.ActiveCfg = Release|iPhone
		{265856CE-A9C4-490D-9655-37B364242241}.Release|iPhone.Build.0 = Release|iPhone
		{265856CE-A9C4-490D-9655-37B364242241}.Release|iPhone.Deploy.0 = Release|iPhone
		{265856CE-A9C4-490D-9655-37B364242241}.Release|iPhoneSimulator.ActiveCfg = Release|iPhoneSimulator
		{265856CE-A9C4-490D-9655-37B364242241}.Release|iPhoneSimulator.Build.0 = Release|iPhoneSimulator
		{265856CE-A9C4-490D-9655-37B364242241}.Release|iPhoneSimulator.Deploy.0 = Release|iPhoneSimulator
		{C1960ECE-8B04-4E26-9108-3BBE0A02D613}.Debug|Any CPU.ActiveCfg = Debug|Any CPU
		{C1960ECE-8B04-4E26-9108-3BBE0A02D613}.Debug|Any CPU.Build.0 = Debug|Any CPU
		{C1960ECE-8B04-4E26-9108-3BBE0A02D613}.Debug|Any CPU.Deploy.0 = Debug|Any CPU
		{C1960ECE-8B04-4E26-9108-3BBE0A02D613}.Debug|iPhone.ActiveCfg = Debug|Any CPU
		{C1960ECE-8B04-4E26-9108-3BBE0A02D613}.Debug|iPhone.Build.0 = Debug|Any CPU
		{C1960ECE-8B04-4E26-9108-3BBE0A02D613}.Debug|iPhone.Deploy.0 = Debug|Any CPU
		{C1960ECE-8B04-4E26-9108-3BBE0A02D613}.Debug|iPhoneSimulator.ActiveCfg = Debug|Any CPU
		{C1960ECE-8B04-4E26-9108-3BBE0A02D613}.Debug|iPhoneSimulator.Build.0 = Debug|Any CPU
		{C1960ECE-8B04-4E26-9108-3BBE0A02D613}.Debug|iPhoneSimulator.Deploy.0 = Debug|Any CPU
		{C1960ECE-8B04-4E26-9108-3BBE0A02D613}.Release|Any CPU.ActiveCfg = Release|Any CPU
		{C1960ECE-8B04-4E26-9108-3BBE0A02D613}.Release|Any CPU.Build.0 = Release|Any CPU
		{C1960ECE-8B04-4E26-9108-3BBE0A02D613}.Release|Any CPU.Deploy.0 = Release|Any CPU
		{C1960ECE-8B04-4E26-9108-3BBE0A02D613}.Release|iPhone.ActiveCfg = Release|Any CPU
		{C1960ECE-8B04-4E26-9108-3BBE0A02D613}.Release|iPhone.Build.0 = Release|Any CPU
		{C1960ECE-8B04-4E26-9108-3BBE0A02D613}.Release|iPhone.Deploy.0 = Release|Any CPU
		{C1960ECE-8B04-4E26-9108-3BBE0A02D613}.Release|iPhoneSimulator.ActiveCfg = Release|Any CPU
		{C1960ECE-8B04-4E26-9108-3BBE0A02D613}.Release|iPhoneSimulator.Build.0 = Release|Any CPU
		{C1960ECE-8B04-4E26-9108-3BBE0A02D613}.Release|iPhoneSimulator.Deploy.0 = Release|Any CPU
	EndGlobalSection
	GlobalSection(SolutionProperties) = preSolution
		HideSolutionNode = FALSE
	EndGlobalSection
	GlobalSection(ExtensibilityGlobals) = postSolution
		SolutionGuid = {850882E7-913A-481D-8E1A-D74E0BF2FBDA}
	EndGlobalSection
EndGlobal
