
Microsoft Visual Studio Solution File, Format Version 12.00
# Visual Studio Version 16
VisualStudioVersion = 16.0.31025.194
MinimumVisualStudioVersion = 10.0.40219.1
Project("{FAE04EC0-301F-11D3-BF4B-00C04F79EFBC}") = "WinFormsApp1", "WinFormsApp1.csproj", "{9BF63C5C-5519-42B5-AFA7-986A90AB34CA}"
EndProject
Global
	GlobalSection(SolutionConfigurationPlatforms) = preSolution
		Debug|Any CPU = Debug|Any CPU
		Release|Any CPU = Release|Any CPU
	EndGlobalSection
	GlobalSection(ProjectConfigurationPlatforms) = postSolution
		{9BF63C5C-5519-42B5-AFA7-986A90AB34CA}.Debug|Any CPU.ActiveCfg = Debug|Any CPU
		{9BF63C5C-5519-42B5-AFA7-986A90AB34CA}.Debug|Any CPU.Build.0 = Debug|Any CPU
		{9BF63C5C-5519-42B5-AFA7-986A90AB34CA}.Release|Any CPU.ActiveCfg = Release|Any CPU
		{9BF63C5C-5519-42B5-AFA7-986A90AB34CA}.Release|Any CPU.Build.0 = Release|Any CPU
	EndGlobalSection
	GlobalSection(SolutionProperties) = preSolution
		HideSolutionNode = FALSE
	EndGlobalSection
	GlobalSection(ExtensibilityGlobals) = postSolution
		SolutionGuid = {807A1EA0-C8F5-4D1B-9E41-E79B5F6A297D}
	EndGlobalSection
EndGlobal
