
Microsoft Visual Studio Solution File, Format Version 12.00
# Visual Studio Version 16
VisualStudioVersion = 16.0.31025.194
MinimumVisualStudioVersion = 10.0.40219.1
Project("{FAE04EC0-301F-11D3-BF4B-00C04F79EFBC}") = "casos 1", "casos 1.csproj", "{782DFF26-1834-44BE-A212-FD742D5D989F}"
EndProject
Global
	GlobalSection(SolutionConfigurationPlatforms) = preSolution
		Debug|Any CPU = Debug|Any CPU
		Release|Any CPU = Release|Any CPU
	EndGlobalSection
	GlobalSection(ProjectConfigurationPlatforms) = postSolution
		{782DFF26-1834-44BE-A212-FD742D5D989F}.Debug|Any CPU.ActiveCfg = Debug|Any CPU
		{782DFF26-1834-44BE-A212-FD742D5D989F}.Debug|Any CPU.Build.0 = Debug|Any CPU
		{782DFF26-1834-44BE-A212-FD742D5D989F}.Release|Any CPU.ActiveCfg = Release|Any CPU
		{782DFF26-1834-44BE-A212-FD742D5D989F}.Release|Any CPU.Build.0 = Release|Any CPU
	EndGlobalSection
	GlobalSection(SolutionProperties) = preSolution
		HideSolutionNode = FALSE
	EndGlobalSection
	GlobalSection(ExtensibilityGlobals) = postSolution
		SolutionGuid = {5B0C64EC-A982-4CC9-B9B9-DB7F2D9CAB13}
	EndGlobalSection
EndGlobal
