
Microsoft Visual Studio Solution File, Format Version 12.00
# Visual Studio Version 16
VisualStudioVersion = 16.0.31025.194
MinimumVisualStudioVersion = 10.0.40219.1
Project("{FAE04EC0-301F-11D3-BF4B-00C04F79EFBC}") = "ConexionesSQL", "ConexionesSQL.csproj", "{CF0073CB-172A-4FDB-9895-803314A5EC38}"
EndProject
Global
	GlobalSection(SolutionConfigurationPlatforms) = preSolution
		Debug|Any CPU = Debug|Any CPU
		Release|Any CPU = Release|Any CPU
	EndGlobalSection
	GlobalSection(ProjectConfigurationPlatforms) = postSolution
		{CF0073CB-172A-4FDB-9895-803314A5EC38}.Debug|Any CPU.ActiveCfg = Debug|Any CPU
		{CF0073CB-172A-4FDB-9895-803314A5EC38}.Debug|Any CPU.Build.0 = Debug|Any CPU
		{CF0073CB-172A-4FDB-9895-803314A5EC38}.Release|Any CPU.ActiveCfg = Release|Any CPU
		{CF0073CB-172A-4FDB-9895-803314A5EC38}.Release|Any CPU.Build.0 = Release|Any CPU
	EndGlobalSection
	GlobalSection(SolutionProperties) = preSolution
		HideSolutionNode = FALSE
	EndGlobalSection
	GlobalSection(ExtensibilityGlobals) = postSolution
		SolutionGuid = {28CE6659-2435-41A9-B79B-948E204859E2}
	EndGlobalSection
EndGlobal
